// !$*UTF8*$!
{
	archiveVersion = 1;
	classes = {
	};
	objectVersion = 46;
	objects = {

/* Begin PBXBuildFile section */
		46B82F991C0BF6D3004B87DC /* main.c in Sources */ = {isa = PBXBuildFile; fileRef = 46B82F981C0BF6D3004B87DC /* main.c */; };
		46B82FAD1C0C2659004B87DC /* frame.c in Sources */ = {isa = PBXBuildFile; fileRef = 46B82FA91C0C2659004B87DC /* frame.c */; };
		46B82FAE1C0C2659004B87DC /* linkedlist.c in Sources */ = {isa = PBXBuildFile; fileRef = 46B82FAB1C0C2659004B87DC /* linkedlist.c */; };
		46B82FB21C0C267A004B87DC /* prepare.c in Sources */ = {isa = PBXBuildFile; fileRef = 46B82FB01C0C267A004B87DC /* prepare.c */; };
		46B82FB81C0C2BD2004B87DC /* doublylinkedlist.c in Sources */ = {isa = PBXBuildFile; fileRef = 46B82FB61C0C2BD1004B87DC /* doublylinkedlist.c */; };
		46B82FBB1C0C2BE3004B87DC /* circularlinkedlist.c in Sources */ = {isa = PBXBuildFile; fileRef = 46B82FB91C0C2BE3004B87DC /* circularlinkedlist.c */; };
		46B82FBE1C0C4687004B87DC /* replacepage.c in Sources */ = {isa = PBXBuildFile; fileRef = 46B82FBC1C0C4687004B87DC /* replacepage.c */; };
/* End PBXBuildFile section */

/* Begin PBXCopyFilesBuildPhase section */
		46B82F931C0BF6D3004B87DC /* CopyFiles */ = {
			isa = PBXCopyFilesBuildPhase;
			buildActionMask = 2147483647;
			dstPath = /usr/share/man/man1/;
			dstSubfolderSpec = 0;
			files = (
			);
			runOnlyForDeploymentPostprocessing = 1;
		};
/* End PBXCopyFilesBuildPhase section */

/* Begin PBXFileReference section */
		46B82F951C0BF6D3004B87DC /* MasteringAlgorithms */ = {isa = PBXFileReference; explicitFileType = "compiled.mach-o.executable"; includeInIndex = 0; path = MasteringAlgorithms; sourceTree = BUILT_PRODUCTS_DIR; };
		46B82F981C0BF6D3004B87DC /* main.c */ = {isa = PBXFileReference; lastKnownFileType = sourcecode.c.c; path = main.c; sourceTree = "<group>"; };
		46B82FA91C0C2659004B87DC /* frame.c */ = {isa = PBXFileReference; fileEncoding = 4; lastKnownFileType = sourcecode.c.c; path = frame.c; sourceTree = "<group>"; };
		46B82FAB1C0C2659004B87DC /* linkedlist.c */ = {isa = PBXFileReference; fileEncoding = 4; lastKnownFileType = sourcecode.c.c; path = linkedlist.c; sourceTree = "<group>"; };
		46B82FB01C0C267A004B87DC /* prepare.c */ = {isa = PBXFileReference; fileEncoding = 4; lastKnownFileType = sourcecode.c.c; path = prepare.c; sourceTree = "<group>"; };
		46B82FB11C0C267A004B87DC /* prepare.h */ = {isa = PBXFileReference; fileEncoding = 4; lastKnownFileType = sourcecode.c.h; path = prepare.h; sourceTree = "<group>"; };
		46B82FB41C0C26B2004B87DC /* frame.h */ = {isa = PBXFileReference; fileEncoding = 4; lastKnownFileType = sourcecode.c.h; path = frame.h; sourceTree = "<group>"; };
		46B82FB51C0C26B2004B87DC /* linkedlist.h */ = {isa = PBXFileReference; fileEncoding = 4; lastKnownFileType = sourcecode.c.h; path = linkedlist.h; sourceTree = "<group>"; };
		46B82FB61C0C2BD1004B87DC /* doublylinkedlist.c */ = {isa = PBXFileReference; fileEncoding = 4; lastKnownFileType = sourcecode.c.c; path = doublylinkedlist.c; sourceTree = "<group>"; };
		46B82FB71C0C2BD2004B87DC /* doublylinkedlist.h */ = {isa = PBXFileReference; fileEncoding = 4; lastKnownFileType = sourcecode.c.h; path = doublylinkedlist.h; sourceTree = "<group>"; };
		46B82FB91C0C2BE3004B87DC /* circularlinkedlist.c */ = {isa = PBXFileReference; fileEncoding = 4; lastKnownFileType = sourcecode.c.c; path = circularlinkedlist.c; sourceTree = "<group>"; };
		46B82FBA1C0C2BE3004B87DC /* circularlinkedlist.h */ = {isa = PBXFileReference; fileEncoding = 4; lastKnownFileType = sourcecode.c.h; path = circularlinkedlist.h; sourceTree = "<group>"; };
		46B82FBC1C0C4687004B87DC /* replacepage.c */ = {isa = PBXFileReference; fileEncoding = 4; lastKnownFileType = sourcecode.c.c; path = replacepage.c; sourceTree = "<group>"; };
		46B82FBD1C0C4687004B87DC /* replacepage.h */ = {isa = PBXFileReference; fileEncoding = 4; lastKnownFileType = sourcecode.c.h; path = replacepage.h; sourceTree = "<group>"; };
/* End PBXFileReference section */

/* Begin PBXFrameworksBuildPhase section */
		46B82F921C0BF6D3004B87DC /* Frameworks */ = {
			isa = PBXFrameworksBuildPhase;
			buildActionMask = 2147483647;
			files = (
			);
			runOnlyForDeploymentPostprocessing = 0;
		};
/* End PBXFrameworksBuildPhase section */

/* Begin PBXGroup section */
		46B82F8C1C0BF6D3004B87DC = {
			isa = PBXGroup;
			children = (
				46B82F971C0BF6D3004B87DC /* MasteringAlgorithms */,
				46B82F961C0BF6D3004B87DC /* Products */,
			);
			sourceTree = "<group>";
		};
		46B82F961C0BF6D3004B87DC /* Products */ = {
			isa = PBXGroup;
			children = (
				46B82F951C0BF6D3004B87DC /* MasteringAlgorithms */,
			);
			name = Products;
			sourceTree = "<group>";
		};
		46B82F971C0BF6D3004B87DC /* MasteringAlgorithms */ = {
			isa = PBXGroup;
			children = (
				46B82FA81C0C263C004B87DC /* linkedlist */,
				46B82FAF1C0C267A004B87DC /* prepare */,
				46B82F981C0BF6D3004B87DC /* main.c */,
			);
			path = MasteringAlgorithms;
			sourceTree = "<group>";
		};
		46B82FA81C0C263C004B87DC /* linkedlist */ = {
			isa = PBXGroup;
			children = (
				46B82FA91C0C2659004B87DC /* frame.c */,
				46B82FB41C0C26B2004B87DC /* frame.h */,
				46B82FAB1C0C2659004B87DC /* linkedlist.c */,
				46B82FB51C0C26B2004B87DC /* linkedlist.h */,
				46B82FB61C0C2BD1004B87DC /* doublylinkedlist.c */,
				46B82FB71C0C2BD2004B87DC /* doublylinkedlist.h */,
				46B82FB91C0C2BE3004B87DC /* circularlinkedlist.c */,
				46B82FBA1C0C2BE3004B87DC /* circularlinkedlist.h */,
				46B82FBC1C0C4687004B87DC /* replacepage.c */,
				46B82FBD1C0C4687004B87DC /* replacepage.h */,
			);
			path = linkedlist;
			sourceTree = "<group>";
		};
		46B82FAF1C0C267A004B87DC /* prepare */ = {
			isa = PBXGroup;
			children = (
				46B82FB01C0C267A004B87DC /* prepare.c */,
				46B82FB11C0C267A004B87DC /* prepare.h */,
			);
			path = prepare;
			sourceTree = "<group>";
		};
/* End PBXGroup section */

/* Begin PBXNativeTarget section */
		46B82F941C0BF6D3004B87DC /* MasteringAlgorithms */ = {
			isa = PBXNativeTarget;
			buildConfigurationList = 46B82F9C1C0BF6D3004B87DC /* Build configuration list for PBXNativeTarget "MasteringAlgorithms" */;
			buildPhases = (
				46B82F911C0BF6D3004B87DC /* Sources */,
				46B82F921C0BF6D3004B87DC /* Frameworks */,
				46B82F931C0BF6D3004B87DC /* CopyFiles */,
			);
			buildRules = (
			);
			dependencies = (
			);
			name = MasteringAlgorithms;
			productName = MasteringAlgorithms;
			productReference = 46B82F951C0BF6D3004B87DC /* MasteringAlgorithms */;
			productType = "com.apple.product-type.tool";
		};
/* End PBXNativeTarget section */

/* Begin PBXProject section */
		46B82F8D1C0BF6D3004B87DC /* Project object */ = {
			isa = PBXProject;
			attributes = {
				LastUpgradeCheck = 0710;
				ORGANIZATIONNAME = Moch;
				TargetAttributes = {
					46B82F941C0BF6D3004B87DC = {
						CreatedOnToolsVersion = 7.1.1;
					};
				};
			};
			buildConfigurationList = 46B82F901C0BF6D3004B87DC /* Build configuration list for PBXProject "MasteringAlgorithms" */;
			compatibilityVersion = "Xcode 3.2";
			developmentRegion = English;
			hasScannedForEncodings = 0;
			knownRegions = (
				en,
			);
			mainGroup = 46B82F8C1C0BF6D3004B87DC;
			productRefGroup = 46B82F961C0BF6D3004B87DC /* Products */;
			projectDirPath = "";
			projectRoot = "";
			targets = (
				46B82F941C0BF6D3004B87DC /* MasteringAlgorithms */,
			);
		};
/* End PBXProject section */

/* Begin PBXSourcesBuildPhase section */
		46B82F911C0BF6D3004B87DC /* Sources */ = {
			isa = PBXSourcesBuildPhase;
			buildActionMask = 2147483647;
			files = (
				46B82FAD1C0C2659004B87DC /* frame.c in Sources */,
				46B82FBB1C0C2BE3004B87DC /* circularlinkedlist.c in Sources */,
				46B82FBE1C0C4687004B87DC /* replacepage.c in Sources */,
				46B82FB21C0C267A004B87DC /* prepare.c in Sources */,
				46B82F991C0BF6D3004B87DC /* main.c in Sources */,
				46B82FAE1C0C2659004B87DC /* linkedlist.c in Sources */,
				46B82FB81C0C2BD2004B87DC /* doublylinkedlist.c in Sources */,
			);
			runOnlyForDeploymentPostprocessing = 0;
		};
/* End PBXSourcesBuildPhase section */

/* Begin XCBuildConfiguration section */
		46B82F9A1C0BF6D3004B87DC /* Debug */ = {
			isa = XCBuildConfiguration;
			buildSettings = {
				ALWAYS_SEARCH_USER_PATHS = NO;
				CLANG_CXX_LANGUAGE_STANDARD = "gnu++0x";
				CLANG_CXX_LIBRARY = "libc++";
				CLANG_ENABLE_MODULES = YES;
				CLANG_ENABLE_OBJC_ARC = YES;
				CLANG_WARN_BOOL_CONVERSION = YES;
				CLANG_WARN_CONSTANT_CONVERSION = YES;
				CLANG_WARN_DIRECT_OBJC_ISA_USAGE = YES_ERROR;
				CLANG_WARN_EMPTY_BODY = YES;
				CLANG_WARN_ENUM_CONVERSION = YES;
				CLANG_WARN_INT_CONVERSION = YES;
				CLANG_WARN_OBJC_ROOT_CLASS = YES_ERROR;
				CLANG_WARN_UNREACHABLE_CODE = YES;
				CLANG_WARN__DUPLICATE_METHOD_MATCH = YES;
				CODE_SIGN_IDENTITY = "-";
				COPY_PHASE_STRIP = NO;
				DEBUG_INFORMATION_FORMAT = dwarf;
				ENABLE_STRICT_OBJC_MSGSEND = YES;
				ENABLE_TESTABILITY = YES;
				GCC_C_LANGUAGE_STANDARD = gnu99;
				GCC_DYNAMIC_NO_PIC = NO;
				GCC_NO_COMMON_BLOCKS = YES;
				GCC_OPTIMIZATION_LEVEL = 0;
				GCC_PREPROCESSOR_DEFINITIONS = (
					"DEBUG=1",
					"$(inherited)",
				);
				GCC_WARN_64_TO_32_BIT_CONVERSION = YES;
				GCC_WARN_ABOUT_RETURN_TYPE = YES_ERROR;
				GCC_WARN_UNDECLARED_SELECTOR = YES;
				GCC_WARN_UNINITIALIZED_AUTOS = YES_AGGRESSIVE;
				GCC_WARN_UNUSED_FUNCTION = YES;
				GCC_WARN_UNUSED_VARIABLE = YES;
				MACOSX_DEPLOYMENT_TARGET = 10.11;
				MTL_ENABLE_DEBUG_INFO = YES;
				ONLY_ACTIVE_ARCH = YES;
				SDKROOT = macosx;
			};
			name = Debug;
		};
		46B82F9B1C0BF6D3004B87DC /* Release */ = {
			isa = XCBuildConfiguration;
			buildSettings = {
				ALWAYS_SEARCH_USER_PATHS = NO;
				CLANG_CXX_LANGUAGE_STANDARD = "gnu++0x";
				CLANG_CXX_LIBRARY = "libc++";
				CLANG_ENABLE_MODULES = YES;
				CLANG_ENABLE_OBJC_ARC = YES;
				CLANG_WARN_BOOL_CONVERSION = YES;
				CLANG_WARN_CONSTANT_CONVERSION = YES;
				CLANG_WARN_DIRECT_OBJC_ISA_USAGE = YES_ERROR;
				CLANG_WARN_EMPTY_BODY = YES;
				CLANG_WARN_ENUM_CONVERSION = YES;
				CLANG_WARN_INT_CONVERSION = YES;
				CLANG_WARN_OBJC_ROOT_CLASS = YES_ERROR;
				CLANG_WARN_UNREACHABLE_CODE = YES;
				CLANG_WARN__DUPLICATE_METHOD_MATCH = YES;
				CODE_SIGN_IDENTITY = "-";
				COPY_PHASE_STRIP = NO;
				DEBUG_INFORMATION_FORMAT = "dwarf-with-dsym";
				ENABLE_NS_ASSERTIONS = NO;
				ENABLE_STRICT_OBJC_MSGSEND = YES;
				GCC_C_LANGUAGE_STANDARD = gnu99;
				GCC_NO_COMMON_BLOCKS = YES;
				GCC_WARN_64_TO_32_BIT_CONVERSION = YES;
				GCC_WARN_ABOUT_RETURN_TYPE = YES_ERROR;
				GCC_WARN_UNDECLARED_SELECTOR = YES;
				GCC_WARN_UNINITIALIZED_AUTOS = YES_AGGRESSIVE;
				GCC_WARN_UNUSED_FUNCTION = YES;
				GCC_WARN_UNUSED_VARIABLE = YES;
				MACOSX_DEPLOYMENT_TARGET = 10.11;
				MTL_ENABLE_DEBUG_INFO = NO;
				SDKROOT = macosx;
			};
			name = Release;
		};
		46B82F9D1C0BF6D3004B87DC /* Debug */ = {
			isa = XCBuildConfiguration;
			buildSettings = {
				PRODUCT_NAME = "$(TARGET_NAME)";
			};
			name = Debug;
		};
		46B82F9E1C0BF6D3004B87DC /* Release */ = {
			isa = XCBuildConfiguration;
			buildSettings = {
				PRODUCT_NAME = "$(TARGET_NAME)";
			};
			name = Release;
		};
/* End XCBuildConfiguration section */

/* Begin XCConfigurationList section */
		46B82F901C0BF6D3004B87DC /* Build configuration list for PBXProject "MasteringAlgorithms" */ = {
			isa = XCConfigurationList;
			buildConfigurations = (
				46B82F9A1C0BF6D3004B87DC /* Debug */,
				46B82F9B1C0BF6D3004B87DC /* Release */,
			);
			defaultConfigurationIsVisible = 0;
			defaultConfigurationName = Release;
		};
		46B82F9C1C0BF6D3004B87DC /* Build configuration list for PBXNativeTarget "MasteringAlgorithms" */ = {
			isa = XCConfigurationList;
			buildConfigurations = (
				46B82F9D1C0BF6D3004B87DC /* Debug */,
				46B82F9E1C0BF6D3004B87DC /* Release */,
			);
			defaultConfigurationIsVisible = 0;
			defaultConfigurationName = Release;
		};
/* End XCConfigurationList section */
	};
	rootObject = 46B82F8D1C0BF6D3004B87DC /* Project object */;
}
